
Microsoft Visual Studio Solution File, Format Version 12.00
# Visual Studio Version 16
VisualStudioVersion = 16.0.29324.140
MinimumVisualStudioVersion = 10.0.40219.1
Project("{2150E333-8FDC-42A3-9474-1A3956D46DE8}") = "root", "root", "{D25CE26A-DE3F-47CD-AB0F-19B580C2CB6C}"
	ProjectSection(SolutionItems) = preProject
		.gitattributes = .gitattributes
		.gitignore = .gitignore
		README.md = README.md
	EndProjectSection
EndProject
Project("{9A19103F-16F7-4668-BE54-9A1E7A4F7556}") = "BetterRNG", "BetterRNG\BetterRNG.csproj", "{8BE2D59D-E1F3-4902-9F8C-81CBF4B1A1B5}"
EndProject
Project("{9A19103F-16F7-4668-BE54-9A1E7A4F7556}") = "CalendarAnywhere", "CalendarAnywhere\CalendarAnywhere.csproj", "{37A3CBC3-5DE0-4A3F-902F-904139EFAA34}"
EndProject
Project("{9A19103F-16F7-4668-BE54-9A1E7A4F7556}") = "DurableFences", "DurableFences\DurableFences.csproj", "{7B37DC4C-21FA-4979-918B-818C2FCF988E}"
EndProject
Project("{9A19103F-16F7-4668-BE54-9A1E7A4F7556}") = "FishingMod", "FishingMod\FishingMod.csproj", "{9C9E4913-482D-4176-B072-96BC08697E3D}"
EndProject
Project("{9A19103F-16F7-4668-BE54-9A1E7A4F7556}") = "HealthBars", "HealthBars\HealthBars.csproj", "{8911BA55-65A5-4022-A797-84F3AAE6BAC1}"
EndProject
Project("{9A19103F-16F7-4668-BE54-9A1E7A4F7556}") = "JunimoDepositAnywhere", "JunimoDepositAnywhere\JunimoDepositAnywhere.csproj", "{69D62815-3349-422A-BD3C-DBA89DB1B5E7}"
EndProject
Project("{9A19103F-16F7-4668-BE54-9A1E7A4F7556}") = "MovementMod", "MovementMod\MovementMod.csproj", "{F3A942EC-D60A-44E0-900B-B673F73419C6}"
EndProject
Project("{9A19103F-16F7-4668-BE54-9A1E7A4F7556}") = "RegenMod", "RegenMod\RegenMod.csproj", "{1082CA14-2E7A-441E-90E3-E6E7F448E58F}"
EndProject
Global
	GlobalSection(SolutionConfigurationPlatforms) = preSolution
		Debug|x86 = Debug|x86
		Release|x86 = Release|x86
	EndGlobalSection
	GlobalSection(ProjectConfigurationPlatforms) = postSolution
		{8BE2D59D-E1F3-4902-9F8C-81CBF4B1A1B5}.Debug|x86.ActiveCfg = Debug|x86
		{8BE2D59D-E1F3-4902-9F8C-81CBF4B1A1B5}.Debug|x86.Build.0 = Debug|x86
		{8BE2D59D-E1F3-4902-9F8C-81CBF4B1A1B5}.Release|x86.ActiveCfg = Release|x86
		{8BE2D59D-E1F3-4902-9F8C-81CBF4B1A1B5}.Release|x86.Build.0 = Release|x86
		{37A3CBC3-5DE0-4A3F-902F-904139EFAA34}.Debug|x86.ActiveCfg = Debug|x86
		{37A3CBC3-5DE0-4A3F-902F-904139EFAA34}.Debug|x86.Build.0 = Debug|x86
		{37A3CBC3-5DE0-4A3F-902F-904139EFAA34}.Release|x86.ActiveCfg = Release|x86
		{37A3CBC3-5DE0-4A3F-902F-904139EFAA34}.Release|x86.Build.0 = Release|x86
		{7B37DC4C-21FA-4979-918B-818C2FCF988E}.Debug|x86.ActiveCfg = Debug|x86
		{7B37DC4C-21FA-4979-918B-818C2FCF988E}.Debug|x86.Build.0 = Debug|x86
		{7B37DC4C-21FA-4979-918B-818C2FCF988E}.Release|x86.ActiveCfg = Release|x86
		{7B37DC4C-21FA-4979-918B-818C2FCF988E}.Release|x86.Build.0 = Release|x86
		{9C9E4913-482D-4176-B072-96BC08697E3D}.Debug|x86.ActiveCfg = Debug|x86
		{9C9E4913-482D-4176-B072-96BC08697E3D}.Debug|x86.Build.0 = Debug|x86
		{9C9E4913-482D-4176-B072-96BC08697E3D}.Release|x86.ActiveCfg = Release|x86
		{9C9E4913-482D-4176-B072-96BC08697E3D}.Release|x86.Build.0 = Release|x86
		{8911BA55-65A5-4022-A797-84F3AAE6BAC1}.Debug|x86.ActiveCfg = Debug|x86
		{8911BA55-65A5-4022-A797-84F3AAE6BAC1}.Debug|x86.Build.0 = Debug|x86
		{8911BA55-65A5-4022-A797-84F3AAE6BAC1}.Release|x86.ActiveCfg = Release|x86
		{8911BA55-65A5-4022-A797-84F3AAE6BAC1}.Release|x86.Build.0 = Release|x86
		{69D62815-3349-422A-BD3C-DBA89DB1B5E7}.Debug|x86.ActiveCfg = Debug|x86
		{69D62815-3349-422A-BD3C-DBA89DB1B5E7}.Debug|x86.Build.0 = Debug|x86
		{69D62815-3349-422A-BD3C-DBA89DB1B5E7}.Release|x86.ActiveCfg = Release|x86
		{69D62815-3349-422A-BD3C-DBA89DB1B5E7}.Release|x86.Build.0 = Release|x86
		{F3A942EC-D60A-44E0-900B-B673F73419C6}.Debug|x86.ActiveCfg = Debug|x86
		{F3A942EC-D60A-44E0-900B-B673F73419C6}.Debug|x86.Build.0 = Debug|x86
		{F3A942EC-D60A-44E0-900B-B673F73419C6}.Release|x86.ActiveCfg = Release|x86
		{F3A942EC-D60A-44E0-900B-B673F73419C6}.Release|x86.Build.0 = Release|x86
		{1082CA14-2E7A-441E-90E3-E6E7F448E58F}.Debug|x86.ActiveCfg = Debug|x86
		{1082CA14-2E7A-441E-90E3-E6E7F448E58F}.Debug|x86.Build.0 = Debug|x86
		{1082CA14-2E7A-441E-90E3-E6E7F448E58F}.Release|x86.ActiveCfg = Release|x86
		{1082CA14-2E7A-441E-90E3-E6E7F448E58F}.Release|x86.Build.0 = Release|x86
	EndGlobalSection
	GlobalSection(SolutionProperties) = preSolution
		HideSolutionNode = FALSE
	EndGlobalSection
	GlobalSection(ExtensibilityGlobals) = postSolution
		SolutionGuid = {B5896DFD-302D-4CE1-B29F-144185C24D93}
	EndGlobalSection
EndGlobal
