
Microsoft Visual Studio Solution File, Format Version 12.00
# Visual Studio 14
VisualStudioVersion = 14.0.24720.0
MinimumVisualStudioVersion = 10.0.40219.1
Project("{FAE04EC0-301F-11D3-BF4B-00C04F79EFBC}") = "BetterRNG", "BetterRNG\BetterRNG.csproj", "{F7F751E2-8FF4-480A-9B64-541B0AC393E4}"
EndProject
Project("{FAE04EC0-301F-11D3-BF4B-00C04F79EFBC}") = "CalendarAnywhere", "CalendarAnywhere\CalendarAnywhere.csproj", "{02A9FF32-12F5-44F0-9F0A-977BA8B56DC4}"
EndProject
Project("{FAE04EC0-301F-11D3-BF4B-00C04F79EFBC}") = "DurableFences", "DurableFences\DurableFences.csproj", "{AC807882-2BA7-4C81-AB2A-5A81EF361F40}"
EndProject
Project("{FAE04EC0-301F-11D3-BF4B-00C04F79EFBC}") = "FishingMod", "FishingMod\FishingMod.csproj", "{C9C3BF63-10BF-40A3-92A8-EE1AA18F2FD4}"
EndProject
Project("{FAE04EC0-301F-11D3-BF4B-00C04F79EFBC}") = "HealthBars", "HealthBars\HealthBars.csproj", "{F9BE8383-E5DD-48A7-9819-0FB6DE6839E2}"
EndProject
Project("{FAE04EC0-301F-11D3-BF4B-00C04F79EFBC}") = "MovementMod", "MovementMod\MovementMod.csproj", "{E3E545BB-9CF4-45E1-9F5B-12C6EA1B6D88}"
EndProject
Project("{FAE04EC0-301F-11D3-BF4B-00C04F79EFBC}") = "JunimoDepositAnywhere", "JunimoDepositAnywhere\JunimoDepositAnywhere.csproj", "{E576D252-25BA-491A-A1BE-4D24E47BA095}"
EndProject
Global
	GlobalSection(SolutionConfigurationPlatforms) = preSolution
		Debug|Any CPU = Debug|Any CPU
		Release|Any CPU = Release|Any CPU
	EndGlobalSection
	GlobalSection(ProjectConfigurationPlatforms) = postSolution
		{F7F751E2-8FF4-480A-9B64-541B0AC393E4}.Debug|Any CPU.ActiveCfg = Debug|Any CPU
		{F7F751E2-8FF4-480A-9B64-541B0AC393E4}.Debug|Any CPU.Build.0 = Debug|Any CPU
		{F7F751E2-8FF4-480A-9B64-541B0AC393E4}.Release|Any CPU.ActiveCfg = Release|Any CPU
		{F7F751E2-8FF4-480A-9B64-541B0AC393E4}.Release|Any CPU.Build.0 = Release|Any CPU
		{02A9FF32-12F5-44F0-9F0A-977BA8B56DC4}.Debug|Any CPU.ActiveCfg = Debug|Any CPU
		{02A9FF32-12F5-44F0-9F0A-977BA8B56DC4}.Debug|Any CPU.Build.0 = Debug|Any CPU
		{02A9FF32-12F5-44F0-9F0A-977BA8B56DC4}.Release|Any CPU.ActiveCfg = Release|Any CPU
		{02A9FF32-12F5-44F0-9F0A-977BA8B56DC4}.Release|Any CPU.Build.0 = Release|Any CPU
		{AC807882-2BA7-4C81-AB2A-5A81EF361F40}.Debug|Any CPU.ActiveCfg = Debug|Any CPU
		{AC807882-2BA7-4C81-AB2A-5A81EF361F40}.Debug|Any CPU.Build.0 = Debug|Any CPU
		{AC807882-2BA7-4C81-AB2A-5A81EF361F40}.Release|Any CPU.ActiveCfg = Release|Any CPU
		{AC807882-2BA7-4C81-AB2A-5A81EF361F40}.Release|Any CPU.Build.0 = Release|Any CPU
		{C9C3BF63-10BF-40A3-92A8-EE1AA18F2FD4}.Debug|Any CPU.ActiveCfg = Debug|Any CPU
		{C9C3BF63-10BF-40A3-92A8-EE1AA18F2FD4}.Debug|Any CPU.Build.0 = Debug|Any CPU
		{C9C3BF63-10BF-40A3-92A8-EE1AA18F2FD4}.Release|Any CPU.ActiveCfg = Release|Any CPU
		{C9C3BF63-10BF-40A3-92A8-EE1AA18F2FD4}.Release|Any CPU.Build.0 = Release|Any CPU
		{F9BE8383-E5DD-48A7-9819-0FB6DE6839E2}.Debug|Any CPU.ActiveCfg = Debug|Any CPU
		{F9BE8383-E5DD-48A7-9819-0FB6DE6839E2}.Debug|Any CPU.Build.0 = Debug|Any CPU
		{F9BE8383-E5DD-48A7-9819-0FB6DE6839E2}.Release|Any CPU.ActiveCfg = Release|Any CPU
		{F9BE8383-E5DD-48A7-9819-0FB6DE6839E2}.Release|Any CPU.Build.0 = Release|Any CPU
		{E3E545BB-9CF4-45E1-9F5B-12C6EA1B6D88}.Debug|Any CPU.ActiveCfg = Debug|Any CPU
		{E3E545BB-9CF4-45E1-9F5B-12C6EA1B6D88}.Debug|Any CPU.Build.0 = Debug|Any CPU
		{E3E545BB-9CF4-45E1-9F5B-12C6EA1B6D88}.Release|Any CPU.ActiveCfg = Release|Any CPU
		{E3E545BB-9CF4-45E1-9F5B-12C6EA1B6D88}.Release|Any CPU.Build.0 = Release|Any CPU
		{E576D252-25BA-491A-A1BE-4D24E47BA095}.Debug|Any CPU.ActiveCfg = Debug|Any CPU
		{E576D252-25BA-491A-A1BE-4D24E47BA095}.Debug|Any CPU.Build.0 = Debug|Any CPU
		{E576D252-25BA-491A-A1BE-4D24E47BA095}.Release|Any CPU.ActiveCfg = Release|Any CPU
		{E576D252-25BA-491A-A1BE-4D24E47BA095}.Release|Any CPU.Build.0 = Release|Any CPU
	EndGlobalSection
	GlobalSection(SolutionProperties) = preSolution
		HideSolutionNode = FALSE
	EndGlobalSection
EndGlobal
